
Microsoft Visual Studio Solution File, Format Version 12.00
# Visual Studio Version 17
VisualStudioVersion = 17.7.34009.444
MinimumVisualStudioVersion = 10.0.40219.1
Project("{9A19103F-16F7-4668-BE54-9A1E7A4F7556}") = "ApiGeométrie", "ApiGeométrie\ApiGeométrie.csproj", "{6959E790-9E86-484D-AABA-D5A04991DD39}"
EndProject
Project("{9A19103F-16F7-4668-BE54-9A1E7A4F7556}") = "ClasseGeometrie", "ClasseGeometrie\ClasseGeometrie.csproj", "{146D79CB-7228-4E68-B870-6E52B5DA5633}"
EndProject
Project("{FAE04EC0-301F-11D3-BF4B-00C04F79EFBC}") = "TestGeometrie", "TestGeometrie\TestGeometrie.csproj", "{31C590BE-6999-4305-8070-568533612CFB}"
EndProject
Global
	GlobalSection(SolutionConfigurationPlatforms) = preSolution
		Debug|Any CPU = Debug|Any CPU
		Release|Any CPU = Release|Any CPU
	EndGlobalSection
	GlobalSection(ProjectConfigurationPlatforms) = postSolution
		{6959E790-9E86-484D-AABA-D5A04991DD39}.Debug|Any CPU.ActiveCfg = Debug|Any CPU
		{6959E790-9E86-484D-AABA-D5A04991DD39}.Debug|Any CPU.Build.0 = Debug|Any CPU
		{6959E790-9E86-484D-AABA-D5A04991DD39}.Release|Any CPU.ActiveCfg = Release|Any CPU
		{6959E790-9E86-484D-AABA-D5A04991DD39}.Release|Any CPU.Build.0 = Release|Any CPU
		{146D79CB-7228-4E68-B870-6E52B5DA5633}.Debug|Any CPU.ActiveCfg = Debug|Any CPU
		{146D79CB-7228-4E68-B870-6E52B5DA5633}.Debug|Any CPU.Build.0 = Debug|Any CPU
		{146D79CB-7228-4E68-B870-6E52B5DA5633}.Release|Any CPU.ActiveCfg = Release|Any CPU
		{146D79CB-7228-4E68-B870-6E52B5DA5633}.Release|Any CPU.Build.0 = Release|Any CPU
		{31C590BE-6999-4305-8070-568533612CFB}.Debug|Any CPU.ActiveCfg = Debug|Any CPU
		{31C590BE-6999-4305-8070-568533612CFB}.Debug|Any CPU.Build.0 = Debug|Any CPU
		{31C590BE-6999-4305-8070-568533612CFB}.Release|Any CPU.ActiveCfg = Release|Any CPU
		{31C590BE-6999-4305-8070-568533612CFB}.Release|Any CPU.Build.0 = Release|Any CPU
	EndGlobalSection
	GlobalSection(SolutionProperties) = preSolution
		HideSolutionNode = FALSE
	EndGlobalSection
	GlobalSection(ExtensibilityGlobals) = postSolution
		SolutionGuid = {527751BF-0AB6-4294-BF69-F8195FAF36DF}
	EndGlobalSection
EndGlobal
